
Microsoft Visual Studio Solution File, Format Version 12.00
# Visual Studio 15
VisualStudioVersion = 15.0.28010.2046
MinimumVisualStudioVersion = 10.0.40219.1
Project("{9A19103F-16F7-4668-BE54-9A1E7A4F7556}") = "ImageMerge", "ImageMerge\ImageMerge.csproj", "{09DA56EB-D15D-4C9B-AF0A-68453D7DA736}"
EndProject
Project("{FAE04EC0-301F-11D3-BF4B-00C04F79EFBC}") = "ImageMerge.ConsoleTest", "ImageMerge.ConsoleTest\ImageMerge.ConsoleTest.csproj", "{8112DEE3-8DF5-4BCA-87E9-3B1E91A4F124}"
EndProject
Global
	GlobalSection(SolutionConfigurationPlatforms) = preSolution
		Debug|Any CPU = Debug|Any CPU
		Release|Any CPU = Release|Any CPU
	EndGlobalSection
	GlobalSection(ProjectConfigurationPlatforms) = postSolution
		{09DA56EB-D15D-4C9B-AF0A-68453D7DA736}.Debug|Any CPU.ActiveCfg = Debug|Any CPU
		{09DA56EB-D15D-4C9B-AF0A-68453D7DA736}.Debug|Any CPU.Build.0 = Debug|Any CPU
		{09DA56EB-D15D-4C9B-AF0A-68453D7DA736}.Release|Any CPU.ActiveCfg = Release|Any CPU
		{09DA56EB-D15D-4C9B-AF0A-68453D7DA736}.Release|Any CPU.Build.0 = Release|Any CPU
		{8112DEE3-8DF5-4BCA-87E9-3B1E91A4F124}.Debug|Any CPU.ActiveCfg = Debug|Any CPU
		{8112DEE3-8DF5-4BCA-87E9-3B1E91A4F124}.Debug|Any CPU.Build.0 = Debug|Any CPU
		{8112DEE3-8DF5-4BCA-87E9-3B1E91A4F124}.Release|Any CPU.ActiveCfg = Release|Any CPU
		{8112DEE3-8DF5-4BCA-87E9-3B1E91A4F124}.Release|Any CPU.Build.0 = Release|Any CPU
	EndGlobalSection
	GlobalSection(SolutionProperties) = preSolution
		HideSolutionNode = FALSE
	EndGlobalSection
	GlobalSection(ExtensibilityGlobals) = postSolution
		SolutionGuid = {D649BEB6-D3F4-4503-9BB2-94D9AD158E98}
	EndGlobalSection
EndGlobal
